
Microsoft Visual Studio Solution File, Format Version 12.00
# Visual Studio Version 16
VisualStudioVersion = 16.0.32413.511
MinimumVisualStudioVersion = 10.0.40219.1
Project("{9A19103F-16F7-4668-BE54-9A1E7A4F7556}") = "CampIntro", "KampIntro\CampIntro.csproj", "{16B94951-EC71-40B8-A301-4A77E37D1972}"
EndProject
Project("{9A19103F-16F7-4668-BE54-9A1E7A4F7556}") = "Loops", "ConsoleApp1\Loops.csproj", "{25E81881-8216-4402-ABA6-F29E275553E4}"
EndProject
Project("{9A19103F-16F7-4668-BE54-9A1E7A4F7556}") = "ClassIntro", "ClassIntro\ClassIntro.csproj", "{DD12699E-5AF3-444D-B22F-0775D339B7B4}"
EndProject
Project("{FAE04EC0-301F-11D3-BF4B-00C04F79EFBC}") = "Methods", "Methods\Methods.csproj", "{5BA3C473-851A-4C61-A7A5-EB0DFD116DA9}"
EndProject
Project("{FAE04EC0-301F-11D3-BF4B-00C04F79EFBC}") = "Math", "Math\Math.csproj", "{AF707C11-90AC-4993-AD2D-1FE624B54AED}"
EndProject
Project("{FAE04EC0-301F-11D3-BF4B-00C04F79EFBC}") = "DegerVeReferansType", "DegerVeReferansType\DegerVeReferansType.csproj", "{635C1372-0D5A-43BF-8363-799F551832E8}"
EndProject
Global
	GlobalSection(SolutionConfigurationPlatforms) = preSolution
		Debug|Any CPU = Debug|Any CPU
		Release|Any CPU = Release|Any CPU
	EndGlobalSection
	GlobalSection(ProjectConfigurationPlatforms) = postSolution
		{16B94951-EC71-40B8-A301-4A77E37D1972}.Debug|Any CPU.ActiveCfg = Debug|Any CPU
		{16B94951-EC71-40B8-A301-4A77E37D1972}.Debug|Any CPU.Build.0 = Debug|Any CPU
		{16B94951-EC71-40B8-A301-4A77E37D1972}.Release|Any CPU.ActiveCfg = Release|Any CPU
		{16B94951-EC71-40B8-A301-4A77E37D1972}.Release|Any CPU.Build.0 = Release|Any CPU
		{25E81881-8216-4402-ABA6-F29E275553E4}.Debug|Any CPU.ActiveCfg = Debug|Any CPU
		{25E81881-8216-4402-ABA6-F29E275553E4}.Debug|Any CPU.Build.0 = Debug|Any CPU
		{25E81881-8216-4402-ABA6-F29E275553E4}.Release|Any CPU.ActiveCfg = Release|Any CPU
		{25E81881-8216-4402-ABA6-F29E275553E4}.Release|Any CPU.Build.0 = Release|Any CPU
		{DD12699E-5AF3-444D-B22F-0775D339B7B4}.Debug|Any CPU.ActiveCfg = Debug|Any CPU
		{DD12699E-5AF3-444D-B22F-0775D339B7B4}.Debug|Any CPU.Build.0 = Debug|Any CPU
		{DD12699E-5AF3-444D-B22F-0775D339B7B4}.Release|Any CPU.ActiveCfg = Release|Any CPU
		{DD12699E-5AF3-444D-B22F-0775D339B7B4}.Release|Any CPU.Build.0 = Release|Any CPU
		{5BA3C473-851A-4C61-A7A5-EB0DFD116DA9}.Debug|Any CPU.ActiveCfg = Debug|Any CPU
		{5BA3C473-851A-4C61-A7A5-EB0DFD116DA9}.Debug|Any CPU.Build.0 = Debug|Any CPU
		{5BA3C473-851A-4C61-A7A5-EB0DFD116DA9}.Release|Any CPU.ActiveCfg = Release|Any CPU
		{5BA3C473-851A-4C61-A7A5-EB0DFD116DA9}.Release|Any CPU.Build.0 = Release|Any CPU
		{AF707C11-90AC-4993-AD2D-1FE624B54AED}.Debug|Any CPU.ActiveCfg = Debug|Any CPU
		{AF707C11-90AC-4993-AD2D-1FE624B54AED}.Debug|Any CPU.Build.0 = Debug|Any CPU
		{AF707C11-90AC-4993-AD2D-1FE624B54AED}.Release|Any CPU.ActiveCfg = Release|Any CPU
		{AF707C11-90AC-4993-AD2D-1FE624B54AED}.Release|Any CPU.Build.0 = Release|Any CPU
		{635C1372-0D5A-43BF-8363-799F551832E8}.Debug|Any CPU.ActiveCfg = Debug|Any CPU
		{635C1372-0D5A-43BF-8363-799F551832E8}.Debug|Any CPU.Build.0 = Debug|Any CPU
		{635C1372-0D5A-43BF-8363-799F551832E8}.Release|Any CPU.ActiveCfg = Release|Any CPU
		{635C1372-0D5A-43BF-8363-799F551832E8}.Release|Any CPU.Build.0 = Release|Any CPU
	EndGlobalSection
	GlobalSection(SolutionProperties) = preSolution
		HideSolutionNode = FALSE
	EndGlobalSection
	GlobalSection(ExtensibilityGlobals) = postSolution
		SolutionGuid = {5EC6ECB8-78F3-43A1-A593-9AA59EDE9CA2}
	EndGlobalSection
EndGlobal
